
Microsoft Visual Studio Solution File, Format Version 12.00
# Visual Studio Version 16
VisualStudioVersion = 16.0.30225.117
MinimumVisualStudioVersion = 10.0.40219.1
Project("{9A19103F-16F7-4668-BE54-9A1E7A4F7556}") = "Client", "Client\Client.csproj", "{AE76F48D-0ADD-49DE-94F1-4E32EF8E25EE}"
EndProject
Project("{FAE04EC0-301F-11D3-BF4B-00C04F79EFBC}") = "Api", "Api\Api.csproj", "{8F776CD2-5192-49A5-9C02-1B45A1A8DF02}"
EndProject
Project("{FAE04EC0-301F-11D3-BF4B-00C04F79EFBC}") = "Models", "Models\Models.csproj", "{C17C6D1C-EACE-4B63-9F4A-7468CFFE890D}"
EndProject
Global
	GlobalSection(SolutionConfigurationPlatforms) = preSolution
		Debug|Any CPU = Debug|Any CPU
		Debug|x64 = Debug|x64
		Debug|x86 = Debug|x86
		Release|Any CPU = Release|Any CPU
		Release|x64 = Release|x64
		Release|x86 = Release|x86
	EndGlobalSection
	GlobalSection(ProjectConfigurationPlatforms) = postSolution
		{AE76F48D-0ADD-49DE-94F1-4E32EF8E25EE}.Debug|Any CPU.ActiveCfg = Debug|Any CPU
		{AE76F48D-0ADD-49DE-94F1-4E32EF8E25EE}.Debug|Any CPU.Build.0 = Debug|Any CPU
		{AE76F48D-0ADD-49DE-94F1-4E32EF8E25EE}.Debug|x64.ActiveCfg = Debug|Any CPU
		{AE76F48D-0ADD-49DE-94F1-4E32EF8E25EE}.Debug|x64.Build.0 = Debug|Any CPU
		{AE76F48D-0ADD-49DE-94F1-4E32EF8E25EE}.Debug|x86.ActiveCfg = Debug|Any CPU
		{AE76F48D-0ADD-49DE-94F1-4E32EF8E25EE}.Debug|x86.Build.0 = Debug|Any CPU
		{AE76F48D-0ADD-49DE-94F1-4E32EF8E25EE}.Release|Any CPU.ActiveCfg = Release|Any CPU
		{AE76F48D-0ADD-49DE-94F1-4E32EF8E25EE}.Release|Any CPU.Build.0 = Release|Any CPU
		{AE76F48D-0ADD-49DE-94F1-4E32EF8E25EE}.Release|x64.ActiveCfg = Release|Any CPU
		{AE76F48D-0ADD-49DE-94F1-4E32EF8E25EE}.Release|x64.Build.0 = Release|Any CPU
		{AE76F48D-0ADD-49DE-94F1-4E32EF8E25EE}.Release|x86.ActiveCfg = Release|Any CPU
		{AE76F48D-0ADD-49DE-94F1-4E32EF8E25EE}.Release|x86.Build.0 = Release|Any CPU
		{8F776CD2-5192-49A5-9C02-1B45A1A8DF02}.Debug|Any CPU.ActiveCfg = Debug|Any CPU
		{8F776CD2-5192-49A5-9C02-1B45A1A8DF02}.Debug|Any CPU.Build.0 = Debug|Any CPU
		{8F776CD2-5192-49A5-9C02-1B45A1A8DF02}.Debug|x64.ActiveCfg = Debug|Any CPU
		{8F776CD2-5192-49A5-9C02-1B45A1A8DF02}.Debug|x64.Build.0 = Debug|Any CPU
		{8F776CD2-5192-49A5-9C02-1B45A1A8DF02}.Debug|x86.ActiveCfg = Debug|Any CPU
		{8F776CD2-5192-49A5-9C02-1B45A1A8DF02}.Debug|x86.Build.0 = Debug|Any CPU
		{8F776CD2-5192-49A5-9C02-1B45A1A8DF02}.Release|Any CPU.ActiveCfg = Release|Any CPU
		{8F776CD2-5192-49A5-9C02-1B45A1A8DF02}.Release|Any CPU.Build.0 = Release|Any CPU
		{8F776CD2-5192-49A5-9C02-1B45A1A8DF02}.Release|x64.ActiveCfg = Release|Any CPU
		{8F776CD2-5192-49A5-9C02-1B45A1A8DF02}.Release|x64.Build.0 = Release|Any CPU
		{8F776CD2-5192-49A5-9C02-1B45A1A8DF02}.Release|x86.ActiveCfg = Release|Any CPU
		{8F776CD2-5192-49A5-9C02-1B45A1A8DF02}.Release|x86.Build.0 = Release|Any CPU
		{C17C6D1C-EACE-4B63-9F4A-7468CFFE890D}.Debug|Any CPU.ActiveCfg = Debug|Any CPU
		{C17C6D1C-EACE-4B63-9F4A-7468CFFE890D}.Debug|Any CPU.Build.0 = Debug|Any CPU
		{C17C6D1C-EACE-4B63-9F4A-7468CFFE890D}.Debug|x64.ActiveCfg = Debug|Any CPU
		{C17C6D1C-EACE-4B63-9F4A-7468CFFE890D}.Debug|x64.Build.0 = Debug|Any CPU
		{C17C6D1C-EACE-4B63-9F4A-7468CFFE890D}.Debug|x86.ActiveCfg = Debug|Any CPU
		{C17C6D1C-EACE-4B63-9F4A-7468CFFE890D}.Debug|x86.Build.0 = Debug|Any CPU
		{C17C6D1C-EACE-4B63-9F4A-7468CFFE890D}.Release|Any CPU.ActiveCfg = Release|Any CPU
		{C17C6D1C-EACE-4B63-9F4A-7468CFFE890D}.Release|Any CPU.Build.0 = Release|Any CPU
		{C17C6D1C-EACE-4B63-9F4A-7468CFFE890D}.Release|x64.ActiveCfg = Release|Any CPU
		{C17C6D1C-EACE-4B63-9F4A-7468CFFE890D}.Release|x64.Build.0 = Release|Any CPU
		{C17C6D1C-EACE-4B63-9F4A-7468CFFE890D}.Release|x86.ActiveCfg = Release|Any CPU
		{C17C6D1C-EACE-4B63-9F4A-7468CFFE890D}.Release|x86.Build.0 = Release|Any CPU
	EndGlobalSection
	GlobalSection(SolutionProperties) = preSolution
		HideSolutionNode = FALSE
	EndGlobalSection
	GlobalSection(ExtensibilityGlobals) = postSolution
		SolutionGuid = {3A9E0864-AC0E-40B7-8C91-0BA698A8917F}
	EndGlobalSection
EndGlobal
